{
  "version": 1,
  "dependencies": {
    "net10.0-windows7.0": {
      "DalamudPackager": {
        "type": "Direct",
        "requested": "[14.0.1, )",
        "resolved": "14.0.1",
        "contentHash": "y0WWyUE6dhpGdolK3iKgwys05/nZaVf4ZPtIjpLhJBZvHxkkiE23zYRo7K7uqAgoK/QvK5cqF6l3VG5AbgC6KA=="
      },
      "DotNet.ReproducibleBuilds": {
        "type": "Direct",
        "requested": "[1.2.39, )",
        "resolved": "1.2.39",
        "contentHash": "fcFN01tDTIQqDuTwr1jUQK/geofiwjG5DycJQOnC72i1SsLAk1ELe+apBOuZ11UMQG8YKFZG1FgvjZPbqHyatg=="
      },
      "NetStone": {
        "type": "Direct",
        "requested": "[1.4.1, )",
        "resolved": "1.4.1",
        "contentHash": "uJawEi8Bf66tOQwZ1UHIEuqY7QD3by79iZAy10YOz0p24+wDB9vEl/3QCEXw5pxBIVGGa2GnQ7m5gT8OmXjMOQ==",
        "dependencies": {
          "HtmlAgilityPack": "1.11.46",
          "Karashiiro.HtmlAgilityPack.CssSelectors.NetCoreFork": "0.0.2",
          "Newtonsoft.Json": "13.0.3"
        }
      },
      "OpenGraph-Net": {
        "type": "Direct",
        "requested": "[4.0.1, )",
        "resolved": "4.0.1",
        "contentHash": "vaz0tc1nsbt4jLpeNq70vNc9O7v3hOklK9DZ9NCuRMrokULA8+DojgPu3+oj4J8jR0wXRqKwSm36utJKhOVuqg==",
        "dependencies": {
          "HtmlAgilityPack": "1.11.43"
        }
      },
      "Watson.Lite": {
        "type": "Direct",
        "requested": "[6.3.9, )",
        "resolved": "6.3.9",
        "contentHash": "sDigTY8D8V7W38lfzJGiigf7xZEfp3Kw7XE7VJyeNO9mxOkv+w8HcmCsmORMDhsipDqGU0gMEsPOqORmZzRaWg==",
        "dependencies": {
          "CavemanTcp": "2.0.9",
          "Watson.Core": "6.3.9"
        }
      },
      "CavemanTcp": {
        "type": "Transitive",
        "resolved": "2.0.9",
        "contentHash": "KgIwYhPhGkBTm+wwVAmWonkKPw4xYVnutzzlIeqOLcX1fti+8d+MEGTvbern1smf3S/UpjFjihkf6XRziTddzQ=="
      },
      "HtmlAgilityPack": {
        "type": "Transitive",
        "resolved": "1.11.46",
        "contentHash": "dLMn4EVfJBHWmWK4Uh0XGD76FPLHI0qr2Tm0s1m/xmgiHb1JUb9zB8AzO8HtrkBBlMN6JfCUBYddhqC0hZNR+g=="
      },
      "IpMatcher": {
        "type": "Transitive",
        "resolved": "1.0.5",
        "contentHash": "WXNlWERj+0GN699AnMNsuJ7PfUAbU4xhOHP3nrNXLHqbOaBxybu25luSYywX1133NSlitA4YkSNmJuyPvea4sw=="
      },
      "Karashiiro.HtmlAgilityPack.CssSelectors.NetCoreFork": {
        "type": "Transitive",
        "resolved": "0.0.2",
        "contentHash": "+7cqe/+tN7gDW36pgrefSeyAQvhqznM34D0uTwnETgU25iAC6boPtblxbrMluW5rA9o6MzjEg4qZK7WrnT+tSw==",
        "dependencies": {
          "HtmlAgilityPack": "1.11.46"
        }
      },
      "Newtonsoft.Json": {
        "type": "Transitive",
        "resolved": "13.0.3",
        "contentHash": "HrC5BXdl00IP9zeV+0Z848QWPAoCr9P3bDEZguI+gkLcBKAOxix/tLEAAHC+UvDNPv4a2d18lOReHMOagPa+zQ=="
      },
      "RegexMatcher": {
        "type": "Transitive",
        "resolved": "1.0.9",
        "contentHash": "RkQGXIrqHjD5h1mqefhgCbkaSdRYNRG5rrbzyw5zeLWiS0K1wq9xR3cNhQdzYR2MsKZ3GN523yRUsEQIMPxh3Q=="
      },
      "Timestamps": {
        "type": "Transitive",
        "resolved": "1.0.11",
        "contentHash": "SnWhXm3FkEStQGgUTfWMh9mKItNW032o/v8eAtFrOGqG0/ejvPPA1LdLZx0N/qqoY0TH3x11+dO00jeVcM8xNQ=="
      },
      "UrlMatcher": {
        "type": "Transitive",
        "resolved": "3.0.1",
        "contentHash": "hHBZVzFSfikrx4XsRsnCIwmGLgbNKtntnlqf4z+ygcNA6Y/L/J0x5GiZZWfXdTfpxhy5v7mlt2zrZs/L9SvbOA=="
      },
      "Watson.Core": {
        "type": "Transitive",
        "resolved": "6.3.9",
        "contentHash": "hGoadE4SLbko8yxhx5+nxGV8lEVgEquNli87lN6/eOTQEJNpK/Cs+OF0etTgFKZ4p0u5ivetoDxl82Lg6oHZEg==",
        "dependencies": {
          "IpMatcher": "1.0.5",
          "RegexMatcher": "1.0.9",
          "Timestamps": "1.0.11",
          "UrlMatcher": "3.0.1"
        }
      }
    }
  }
}